
Microsoft Visual Studio Solution File, Format Version 12.00
# Visual Studio Version 17
VisualStudioVersion = 17.5.002.0
MinimumVisualStudioVersion = 10.0.40219.1
Project("{9A19103F-16F7-4668-BE54-9A1E7A4F7556}") = "ASP.NET", "ASP.NET.csproj", "{1FE556BB-0D7F-484E-80FC-EF63F37B53CD}"
EndProject
Global
	GlobalSection(SolutionConfigurationPlatforms) = preSolution
		Debug|Any CPU = Debug|Any CPU
		Release|Any CPU = Release|Any CPU
	EndGlobalSection
	GlobalSection(ProjectConfigurationPlatforms) = postSolution
		{1FE556BB-0D7F-484E-80FC-EF63F37B53CD}.Debug|Any CPU.ActiveCfg = Debug|Any CPU
		{1FE556BB-0D7F-484E-80FC-EF63F37B53CD}.Debug|Any CPU.Build.0 = Debug|Any CPU
		{1FE556BB-0D7F-484E-80FC-EF63F37B53CD}.Release|Any CPU.ActiveCfg = Release|Any CPU
		{1FE556BB-0D7F-484E-80FC-EF63F37B53CD}.Release|Any CPU.Build.0 = Release|Any CPU
	EndGlobalSection
	GlobalSection(SolutionProperties) = preSolution
		HideSolutionNode = FALSE
	EndGlobalSection
	GlobalSection(ExtensibilityGlobals) = postSolution
		SolutionGuid = {7AC868B5-AA5C-481F-9D47-813E8DA2CB27}
	EndGlobalSection
EndGlobal
